
Microsoft Visual Studio Solution File, Format Version 12.00
# Visual Studio Version 17
VisualStudioVersion = 17.0.31903.59
MinimumVisualStudioVersion = 10.0.40219.1
Project("{2150E333-8FDC-42A3-9474-1A3956D46DE8}") = "src", "src", "{7743542B-02BD-4CC0-89B3-B44DE28A7470}"
EndProject
Project("{F2A71F9B-5D33-465A-A702-920D77279786}") = "SciTwi.UI.Rendering", "src\SciTwi.UI.Rendering\SciTwi.UI.Rendering.fsproj", "{70547512-0780-4008-AC4A-DA97391D7AC7}"
EndProject
Project("{FAE04EC0-301F-11D3-BF4B-00C04F79EFBC}") = "SciTwi.UI.Avalonia", "src\SciTwi.UI.Avalonia\SciTwi.UI.Avalonia.csproj", "{B8494AA7-9A05-4E1B-B1D0-D5A61EA8A762}"
EndProject
Project("{2150E333-8FDC-42A3-9474-1A3956D46DE8}") = "test", "test", "{AD4F0F5B-1A59-4A2B-A342-19A8EDE41347}"
EndProject
Project("{FAE04EC0-301F-11D3-BF4B-00C04F79EFBC}") = "SciTwi.Avalonia.TestApp", "test\SciTwi.Avalonia.TestApp\SciTwi.Avalonia.TestApp.csproj", "{602D1A50-6141-4A10-A2F2-563CDC0D4FCC}"
EndProject
Global
	GlobalSection(SolutionConfigurationPlatforms) = preSolution
		Debug|Any CPU = Debug|Any CPU
		Release|Any CPU = Release|Any CPU
	EndGlobalSection
	GlobalSection(SolutionProperties) = preSolution
		HideSolutionNode = FALSE
	EndGlobalSection
	GlobalSection(ProjectConfigurationPlatforms) = postSolution
		{70547512-0780-4008-AC4A-DA97391D7AC7}.Debug|Any CPU.ActiveCfg = Debug|Any CPU
		{70547512-0780-4008-AC4A-DA97391D7AC7}.Debug|Any CPU.Build.0 = Debug|Any CPU
		{70547512-0780-4008-AC4A-DA97391D7AC7}.Release|Any CPU.ActiveCfg = Release|Any CPU
		{70547512-0780-4008-AC4A-DA97391D7AC7}.Release|Any CPU.Build.0 = Release|Any CPU
		{B8494AA7-9A05-4E1B-B1D0-D5A61EA8A762}.Debug|Any CPU.ActiveCfg = Debug|Any CPU
		{B8494AA7-9A05-4E1B-B1D0-D5A61EA8A762}.Debug|Any CPU.Build.0 = Debug|Any CPU
		{B8494AA7-9A05-4E1B-B1D0-D5A61EA8A762}.Release|Any CPU.ActiveCfg = Release|Any CPU
		{B8494AA7-9A05-4E1B-B1D0-D5A61EA8A762}.Release|Any CPU.Build.0 = Release|Any CPU
		{602D1A50-6141-4A10-A2F2-563CDC0D4FCC}.Debug|Any CPU.ActiveCfg = Debug|Any CPU
		{602D1A50-6141-4A10-A2F2-563CDC0D4FCC}.Debug|Any CPU.Build.0 = Debug|Any CPU
		{602D1A50-6141-4A10-A2F2-563CDC0D4FCC}.Release|Any CPU.ActiveCfg = Release|Any CPU
		{602D1A50-6141-4A10-A2F2-563CDC0D4FCC}.Release|Any CPU.Build.0 = Release|Any CPU
	EndGlobalSection
	GlobalSection(NestedProjects) = preSolution
		{70547512-0780-4008-AC4A-DA97391D7AC7} = {7743542B-02BD-4CC0-89B3-B44DE28A7470}
		{B8494AA7-9A05-4E1B-B1D0-D5A61EA8A762} = {7743542B-02BD-4CC0-89B3-B44DE28A7470}
		{602D1A50-6141-4A10-A2F2-563CDC0D4FCC} = {AD4F0F5B-1A59-4A2B-A342-19A8EDE41347}
	EndGlobalSection
EndGlobal
